
Microsoft Visual Studio Solution File, Format Version 12.00
# Visual Studio 15
VisualStudioVersion = 15.0.28010.2050
MinimumVisualStudioVersion = 10.0.40219.1
Project("{FAE04EC0-301F-11D3-BF4B-00C04F79EFBC}") = "PerformanceDemo", "PerformanceDemo\PerformanceDemo.csproj", "{23DFFF93-4C96-462B-805D-CD1AADD6E099}"
EndProject
Global
	GlobalSection(SolutionConfigurationPlatforms) = preSolution
		Debug|Any CPU = Debug|Any CPU
		Release|Any CPU = Release|Any CPU
	EndGlobalSection
	GlobalSection(ProjectConfigurationPlatforms) = postSolution
		{23DFFF93-4C96-462B-805D-CD1AADD6E099}.Debug|Any CPU.ActiveCfg = Debug|Any CPU
		{23DFFF93-4C96-462B-805D-CD1AADD6E099}.Debug|Any CPU.Build.0 = Debug|Any CPU
		{23DFFF93-4C96-462B-805D-CD1AADD6E099}.Release|Any CPU.ActiveCfg = Release|Any CPU
		{23DFFF93-4C96-462B-805D-CD1AADD6E099}.Release|Any CPU.Build.0 = Release|Any CPU
	EndGlobalSection
	GlobalSection(SolutionProperties) = preSolution
		HideSolutionNode = FALSE
	EndGlobalSection
	GlobalSection(ExtensibilityGlobals) = postSolution
		SolutionGuid = {61D7E6B6-A0FB-493C-A5F5-6DE745C73BA6}
	EndGlobalSection
EndGlobal
